<?xml version="1.0" encoding="utf-8"?>
<Project ToolsVersion="4.0" xmlns="http://schemas.microsoft.com/developer/msbuild/2003">
  <ItemGroup>
    <Filter Include="Source Files">
      <UniqueIdentifier>{4FC737F1-C7A5-4376-A066-2A32D752A2FF}</UniqueIdentifier>
      <Extensions>cpp;c;cc;cxx;def;odl;idl;hpj;bat;asm;asmx</Extensions>
    </Filter>
    <Filter Include="Source Files\game">
      <UniqueIdentifier>{eaf968c2-0fcc-4a8f-aa5d-6b33f80a0fd2}</UniqueIdentifier>
    </Filter>
    <Filter Include="Source Files\utiltity">
      <UniqueIdentifier>{ad57fa37-1b80-48a1-8ae0-9dc8452fd547}</UniqueIdentifier>
    </Filter>
    <Filter Include="Source Files\asset">
      <UniqueIdentifier>{aac1a865-6c6f-460d-bf0a-40165bf060c9}</UniqueIdentifier>
    </Filter>
  </ItemGroup>
  <ItemGroup>
    <ClCompile Include="..\src\Main.cpp">
      <Filter>Source Files</Filter>
    </ClCompile>
    <ClCompile Include="..\src\game\Room.cpp">
      <Filter>Source Files\game</Filter>
    </ClCompile>
    <ClCompile Include="..\src\game\Game.cpp">
      <Filter>Source Files\game</Filter>
    </ClCompile>
    <ClCompile Include="..\src\game\Wall.cpp">
      <Filter>Source Files\game</Filter>
    </ClCompile>
    <ClCompile Include="..\src\game\Entity.cpp">
      <Filter>Source Files\game</Filter>
    </ClCompile>
    <ClCompile Include="..\src\asset\RoomLayouts.cpp">
      <Filter>Source Files\asset</Filter>
    </ClCompile>
    <ClCompile Include="..\src\game\Player.cpp">
      <Filter>Source Files\game</Filter>
    </ClCompile>
    <ClCompile Include="..\src\game\Door.cpp">
      <Filter>Source Files\game</Filter>
    </ClCompile>
  </ItemGroup>
  <ItemGroup>
    <ClInclude Include="..\src\game\Room.h">
      <Filter>Source Files\game</Filter>
    </ClInclude>
    <ClInclude Include="..\src\game\Game.h">
      <Filter>Source Files\game</Filter>
    </ClInclude>
    <ClInclude Include="..\src\utility\PlatformDefinitions.h">
      <Filter>Source Files\utiltity</Filter>
    </ClInclude>
    <ClInclude Include="..\src\game\Wall.h">
      <Filter>Source Files\game</Filter>
    </ClInclude>
    <ClInclude Include="..\src\game\Entity.h">
      <Filter>Source Files\game</Filter>
    </ClInclude>
    <ClInclude Include="..\src\asset\RoomLayouts.h">
      <Filter>Source Files\asset</Filter>
    </ClInclude>
    <ClInclude Include="..\src\game\Player.h">
      <Filter>Source Files\game</Filter>
    </ClInclude>
    <ClInclude Include="..\src\game\Door.h">
      <Filter>Source Files\game</Filter>
    </ClInclude>
  </ItemGroup>
</Project>